
Microsoft Visual Studio Solution File, Format Version 12.00
# Visual Studio Version 17
VisualStudioVersion = 17.1.32210.238
MinimumVisualStudioVersion = 10.0.40219.1
Project("{9A19103F-16F7-4668-BE54-9A1E7A4F7556}") = "LibrairiePoc2.UseCase.Tests", "LibrairiePoc2.UseCase.Tests\LibrairiePoc2.UseCase.Tests.csproj", "{18CD9090-4EEB-4C22-8442-408243B446A0}"
EndProject
Project("{9A19103F-16F7-4668-BE54-9A1E7A4F7556}") = "LibrairiePoc2.UseCase", "LibrairiePoc2.UseCase\LibrairiePoc2.UseCase.csproj", "{F43ADE49-6975-42CC-8F7A-8B77DEB30EFB}"
EndProject
Project("{9A19103F-16F7-4668-BE54-9A1E7A4F7556}") = "LibrairiePoc2.WebService", "LibrairiePoc2.WebService\LibrairiePoc2.WebService.csproj", "{3BFEAA49-3C1F-4C20-B528-4D51454EE6E6}"
EndProject
Project("{2150E333-8FDC-42A3-9474-1A3956D46DE8}") = "Tests", "Tests", "{4F2F91AB-00A4-44B0-A246-722002221B8C}"
EndProject
Project("{9A19103F-16F7-4668-BE54-9A1E7A4F7556}") = "LibrairiePoc2.WebService.Tests", "LibrairiePoc2.WebService.Tests\LibrairiePoc2.WebService.Tests.csproj", "{EF2ED79F-720B-4EDC-8934-30AFFED2B66F}"
EndProject
Project("{E53339B2-1760-4266-BCC7-CA923CBCF16C}") = "docker-compose", "docker-compose.dcproj", "{1AFC215F-14AD-49ED-9C99-77D737E33D43}"
EndProject
Global
	GlobalSection(SolutionConfigurationPlatforms) = preSolution
		Debug|Any CPU = Debug|Any CPU
		Release|Any CPU = Release|Any CPU
	EndGlobalSection
	GlobalSection(ProjectConfigurationPlatforms) = postSolution
		{18CD9090-4EEB-4C22-8442-408243B446A0}.Debug|Any CPU.ActiveCfg = Debug|Any CPU
		{18CD9090-4EEB-4C22-8442-408243B446A0}.Debug|Any CPU.Build.0 = Debug|Any CPU
		{18CD9090-4EEB-4C22-8442-408243B446A0}.Release|Any CPU.ActiveCfg = Release|Any CPU
		{18CD9090-4EEB-4C22-8442-408243B446A0}.Release|Any CPU.Build.0 = Release|Any CPU
		{F43ADE49-6975-42CC-8F7A-8B77DEB30EFB}.Debug|Any CPU.ActiveCfg = Debug|Any CPU
		{F43ADE49-6975-42CC-8F7A-8B77DEB30EFB}.Debug|Any CPU.Build.0 = Debug|Any CPU
		{F43ADE49-6975-42CC-8F7A-8B77DEB30EFB}.Release|Any CPU.ActiveCfg = Release|Any CPU
		{F43ADE49-6975-42CC-8F7A-8B77DEB30EFB}.Release|Any CPU.Build.0 = Release|Any CPU
		{3BFEAA49-3C1F-4C20-B528-4D51454EE6E6}.Debug|Any CPU.ActiveCfg = Debug|Any CPU
		{3BFEAA49-3C1F-4C20-B528-4D51454EE6E6}.Debug|Any CPU.Build.0 = Debug|Any CPU
		{3BFEAA49-3C1F-4C20-B528-4D51454EE6E6}.Release|Any CPU.ActiveCfg = Release|Any CPU
		{3BFEAA49-3C1F-4C20-B528-4D51454EE6E6}.Release|Any CPU.Build.0 = Release|Any CPU
		{EF2ED79F-720B-4EDC-8934-30AFFED2B66F}.Debug|Any CPU.ActiveCfg = Debug|Any CPU
		{EF2ED79F-720B-4EDC-8934-30AFFED2B66F}.Debug|Any CPU.Build.0 = Debug|Any CPU
		{EF2ED79F-720B-4EDC-8934-30AFFED2B66F}.Release|Any CPU.ActiveCfg = Release|Any CPU
		{EF2ED79F-720B-4EDC-8934-30AFFED2B66F}.Release|Any CPU.Build.0 = Release|Any CPU
		{1AFC215F-14AD-49ED-9C99-77D737E33D43}.Debug|Any CPU.ActiveCfg = Debug|Any CPU
		{1AFC215F-14AD-49ED-9C99-77D737E33D43}.Debug|Any CPU.Build.0 = Debug|Any CPU
		{1AFC215F-14AD-49ED-9C99-77D737E33D43}.Release|Any CPU.ActiveCfg = Release|Any CPU
		{1AFC215F-14AD-49ED-9C99-77D737E33D43}.Release|Any CPU.Build.0 = Release|Any CPU
	EndGlobalSection
	GlobalSection(SolutionProperties) = preSolution
		HideSolutionNode = FALSE
	EndGlobalSection
	GlobalSection(NestedProjects) = preSolution
		{18CD9090-4EEB-4C22-8442-408243B446A0} = {4F2F91AB-00A4-44B0-A246-722002221B8C}
		{EF2ED79F-720B-4EDC-8934-30AFFED2B66F} = {4F2F91AB-00A4-44B0-A246-722002221B8C}
	EndGlobalSection
	GlobalSection(ExtensibilityGlobals) = postSolution
		SolutionGuid = {3B6970AD-1A9D-4626-A0AE-FAE47FDCACF4}
	EndGlobalSection
EndGlobal
