
Microsoft Visual Studio Solution File, Format Version 12.00
# Visual Studio Version 17
VisualStudioVersion = 17.1.32210.238
MinimumVisualStudioVersion = 10.0.40219.1
Project("{FAE04EC0-301F-11D3-BF4B-00C04F79EFBC}") = "LibrairiePoc.UsesCase", "LibrairiePoc.UsesCase\LibrairiePoc.UsesCase.csproj", "{032E7E2F-804D-4DC9-ACB6-B8AC4845E33B}"
EndProject
Project("{2150E333-8FDC-42A3-9474-1A3956D46DE8}") = "Tests", "Tests", "{55E7B569-2C6D-4D89-864E-F9A4B571E266}"
EndProject
Project("{FAE04EC0-301F-11D3-BF4B-00C04F79EFBC}") = "LibrairiePoc.UsesCase.Tests", "LibrairiePoc.UsesCase.Tests\LibrairiePoc.UsesCase.Tests.csproj", "{8A1E8222-E17A-4B77-AA2C-A6CB1BBAD02D}"
EndProject
Global
	GlobalSection(SolutionConfigurationPlatforms) = preSolution
		Debug|Any CPU = Debug|Any CPU
		Release|Any CPU = Release|Any CPU
	EndGlobalSection
	GlobalSection(ProjectConfigurationPlatforms) = postSolution
		{032E7E2F-804D-4DC9-ACB6-B8AC4845E33B}.Debug|Any CPU.ActiveCfg = Debug|Any CPU
		{032E7E2F-804D-4DC9-ACB6-B8AC4845E33B}.Debug|Any CPU.Build.0 = Debug|Any CPU
		{032E7E2F-804D-4DC9-ACB6-B8AC4845E33B}.Release|Any CPU.ActiveCfg = Release|Any CPU
		{032E7E2F-804D-4DC9-ACB6-B8AC4845E33B}.Release|Any CPU.Build.0 = Release|Any CPU
		{8A1E8222-E17A-4B77-AA2C-A6CB1BBAD02D}.Debug|Any CPU.ActiveCfg = Debug|Any CPU
		{8A1E8222-E17A-4B77-AA2C-A6CB1BBAD02D}.Debug|Any CPU.Build.0 = Debug|Any CPU
		{8A1E8222-E17A-4B77-AA2C-A6CB1BBAD02D}.Release|Any CPU.ActiveCfg = Release|Any CPU
		{8A1E8222-E17A-4B77-AA2C-A6CB1BBAD02D}.Release|Any CPU.Build.0 = Release|Any CPU
	EndGlobalSection
	GlobalSection(SolutionProperties) = preSolution
		HideSolutionNode = FALSE
	EndGlobalSection
	GlobalSection(NestedProjects) = preSolution
		{8A1E8222-E17A-4B77-AA2C-A6CB1BBAD02D} = {55E7B569-2C6D-4D89-864E-F9A4B571E266}
	EndGlobalSection
	GlobalSection(ExtensibilityGlobals) = postSolution
		SolutionGuid = {5B37DEAF-470E-4303-94F8-07A061D90FB7}
	EndGlobalSection
EndGlobal
