
Microsoft Visual Studio Solution File, Format Version 12.00
# Visual Studio Version 17
VisualStudioVersion = 17.1.32210.238
MinimumVisualStudioVersion = 10.0.40219.1
Project("{9A19103F-16F7-4668-BE54-9A1E7A4F7556}") = "LibrairiePoc.UsesCase", "LibrairiePoc.UsesCase\LibrairiePoc.UsesCase.csproj", "{032E7E2F-804D-4DC9-ACB6-B8AC4845E33B}"
EndProject
Project("{2150E333-8FDC-42A3-9474-1A3956D46DE8}") = "Tests", "Tests", "{55E7B569-2C6D-4D89-864E-F9A4B571E266}"
EndProject
Project("{9A19103F-16F7-4668-BE54-9A1E7A4F7556}") = "LibrairiePoc.UsesCase.Tests", "LibrairiePoc.UsesCase.Tests\LibrairiePoc.UsesCase.Tests.csproj", "{8A1E8222-E17A-4B77-AA2C-A6CB1BBAD02D}"
EndProject
Project("{9A19103F-16F7-4668-BE54-9A1E7A4F7556}") = "LibrairiePoc.Infra.Tests", "LibrairiePoc.Infra.Tests\LibrairiePoc.Infra.Tests.csproj", "{8C8AF1B7-7BF8-4066-8E5B-FA2AF46EA279}"
EndProject
Project("{9A19103F-16F7-4668-BE54-9A1E7A4F7556}") = "LibrairiePoc.Infra", "LibrairiePoc.Infra\LibrairiePoc.Infra.csproj", "{4BDBE2FF-69C4-4D23-9622-A8683A8D8FFA}"
EndProject
Project("{FAE04EC0-301F-11D3-BF4B-00C04F79EFBC}") = "WebLibrairie", "WebLibrairie\WebLibrairie.csproj", "{FB6412CC-744E-4AB4-A0BD-260C92945253}"
EndProject
Project("{FAE04EC0-301F-11D3-BF4B-00C04F79EFBC}") = "ConsoleLibraiire", "ConsoleLibraiire\ConsoleLibraiire.csproj", "{E5AC0C92-094C-4885-981E-2ACA667751C3}"
EndProject
Project("{2150E333-8FDC-42A3-9474-1A3956D46DE8}") = "Applicatif", "Applicatif", "{92E39560-8013-494E-9410-E0AFE59E9E8B}"
EndProject
Global
	GlobalSection(SolutionConfigurationPlatforms) = preSolution
		Debug|Any CPU = Debug|Any CPU
		Release|Any CPU = Release|Any CPU
	EndGlobalSection
	GlobalSection(ProjectConfigurationPlatforms) = postSolution
		{032E7E2F-804D-4DC9-ACB6-B8AC4845E33B}.Debug|Any CPU.ActiveCfg = Debug|Any CPU
		{032E7E2F-804D-4DC9-ACB6-B8AC4845E33B}.Debug|Any CPU.Build.0 = Debug|Any CPU
		{032E7E2F-804D-4DC9-ACB6-B8AC4845E33B}.Release|Any CPU.ActiveCfg = Release|Any CPU
		{032E7E2F-804D-4DC9-ACB6-B8AC4845E33B}.Release|Any CPU.Build.0 = Release|Any CPU
		{8A1E8222-E17A-4B77-AA2C-A6CB1BBAD02D}.Debug|Any CPU.ActiveCfg = Debug|Any CPU
		{8A1E8222-E17A-4B77-AA2C-A6CB1BBAD02D}.Debug|Any CPU.Build.0 = Debug|Any CPU
		{8A1E8222-E17A-4B77-AA2C-A6CB1BBAD02D}.Release|Any CPU.ActiveCfg = Release|Any CPU
		{8A1E8222-E17A-4B77-AA2C-A6CB1BBAD02D}.Release|Any CPU.Build.0 = Release|Any CPU
		{8C8AF1B7-7BF8-4066-8E5B-FA2AF46EA279}.Debug|Any CPU.ActiveCfg = Debug|Any CPU
		{8C8AF1B7-7BF8-4066-8E5B-FA2AF46EA279}.Debug|Any CPU.Build.0 = Debug|Any CPU
		{8C8AF1B7-7BF8-4066-8E5B-FA2AF46EA279}.Release|Any CPU.ActiveCfg = Release|Any CPU
		{8C8AF1B7-7BF8-4066-8E5B-FA2AF46EA279}.Release|Any CPU.Build.0 = Release|Any CPU
		{4BDBE2FF-69C4-4D23-9622-A8683A8D8FFA}.Debug|Any CPU.ActiveCfg = Debug|Any CPU
		{4BDBE2FF-69C4-4D23-9622-A8683A8D8FFA}.Debug|Any CPU.Build.0 = Debug|Any CPU
		{4BDBE2FF-69C4-4D23-9622-A8683A8D8FFA}.Release|Any CPU.ActiveCfg = Release|Any CPU
		{4BDBE2FF-69C4-4D23-9622-A8683A8D8FFA}.Release|Any CPU.Build.0 = Release|Any CPU
		{FB6412CC-744E-4AB4-A0BD-260C92945253}.Debug|Any CPU.ActiveCfg = Debug|Any CPU
		{FB6412CC-744E-4AB4-A0BD-260C92945253}.Debug|Any CPU.Build.0 = Debug|Any CPU
		{FB6412CC-744E-4AB4-A0BD-260C92945253}.Release|Any CPU.ActiveCfg = Release|Any CPU
		{FB6412CC-744E-4AB4-A0BD-260C92945253}.Release|Any CPU.Build.0 = Release|Any CPU
		{E5AC0C92-094C-4885-981E-2ACA667751C3}.Debug|Any CPU.ActiveCfg = Debug|Any CPU
		{E5AC0C92-094C-4885-981E-2ACA667751C3}.Debug|Any CPU.Build.0 = Debug|Any CPU
		{E5AC0C92-094C-4885-981E-2ACA667751C3}.Release|Any CPU.ActiveCfg = Release|Any CPU
		{E5AC0C92-094C-4885-981E-2ACA667751C3}.Release|Any CPU.Build.0 = Release|Any CPU
	EndGlobalSection
	GlobalSection(SolutionProperties) = preSolution
		HideSolutionNode = FALSE
	EndGlobalSection
	GlobalSection(NestedProjects) = preSolution
		{8A1E8222-E17A-4B77-AA2C-A6CB1BBAD02D} = {55E7B569-2C6D-4D89-864E-F9A4B571E266}
		{8C8AF1B7-7BF8-4066-8E5B-FA2AF46EA279} = {55E7B569-2C6D-4D89-864E-F9A4B571E266}
		{FB6412CC-744E-4AB4-A0BD-260C92945253} = {92E39560-8013-494E-9410-E0AFE59E9E8B}
		{E5AC0C92-094C-4885-981E-2ACA667751C3} = {92E39560-8013-494E-9410-E0AFE59E9E8B}
	EndGlobalSection
	GlobalSection(ExtensibilityGlobals) = postSolution
		SolutionGuid = {5B37DEAF-470E-4303-94F8-07A061D90FB7}
	EndGlobalSection
EndGlobal
